github.com/go-sql-driver/mysql v1.5.0 h1:ozyZYNQW3x3HtqT1jira07DN2PArx2v7/mN66gGcHOs=
github.com/go-sql-driver/mysql v1.5.0/go.mod h1:DCzpHaOWr8IXmIStZouvnhqoel9Qv2LBy8hT2VhHyBg=
github.com/mattn/go-sqlite3 v1.14.6 h1:dNPt6NO46WmLVt2DLNpwczCmdV5boIZ6g/tlDrlRUbg=
github.com/mattn/go-sqlite3 v1.14.6/go.mod h1:NyWgC/yNuGj7Q9rpYnZvas74GogHl5/Z4A/KQRfk6bU=
github.com/pkg/errors v0.9.1 h1:FEBLx1zS214owpjy7qsBeixbURkuhQAwrK5UwLGTwt4=
github.com/pkg/errors v0.9.1/go.mod h1:bwawxfHBFNV+L2hUp1rHADufV3IMtnDRdf1r5NINEl0=
github.com/tarokent10/go-utils v0.0.1 h1:Q+2UhOBOeythirfmF9BP+YVQNzzBasi1b4ASBaATo4U=
github.com/tarokent10/go-utils v0.0.1/go.mod h1:qfV/OLSywl2mEcpnNN83jXMNArPXppS99pSxzRcM9vE=
github.com/tenntenn/greeting v1.0.0 h1:qiPrfPnqnfuzVqN3u1fnQdjh5YDQaN2YYB4mij22WF4=
github.com/tenntenn/greeting v1.0.0/go.mod h1:E3Ht/04nVnsgPJqBdZYg2BmvqQJmRPxhIv6qX4RyE9Y=
github.com/tenntenn/greeting/v2 v2.1.0 h1:SD0Qx/kzr0MYDglhFPzNR4zk846+Z5T0Ol+Odr9Pk4c=
github.com/tenntenn/greeting/v2 v2.1.0/go.mod h1:EkHY3zj6AR1MtKVmdhvooxb+zIUEihioi7gG93rsX5I=
golang.org/x/sync v0.0.0-20201207232520-09787c993a3a h1:DcqTD9SDLc+1P/r1EmRBwnVsrOwW+kk2vWf9n+1sGhs=
golang.org/x/sync v0.0.0-20201207232520-09787c993a3a/go.mod h1:RxMgew5VJxzue5/jJTE5uejpjVlOe/izrB70Jof72aM=
